
Microsoft Visual Studio Solution File, Format Version 12.00
# Visual Studio Version 17
VisualStudioVersion = 17.11.35208.52
MinimumVisualStudioVersion = 10.0.40219.1
Project("{9A19103F-16F7-4668-BE54-9A1E7A4F7556}") = "Maomi.Torch", "src\Maomi.Torch\Maomi.Torch.csproj", "{90F456EB-A165-4347-9F2D-C4B1D105D8F1}"
EndProject
Project("{9A19103F-16F7-4668-BE54-9A1E7A4F7556}") = "Maomi.ScottPlot.Winforms", "src\Maomi.ScottPlot.Winforms\Maomi.ScottPlot.Winforms.csproj", "{D39AEDF4-24CB-4C11-A450-680C0B369FDD}"
EndProject
Project("{9A19103F-16F7-4668-BE54-9A1E7A4F7556}") = "Maomi.Torch.ScottPlot", "src\Maomi.Torch.ScottPlot\Maomi.Torch.ScottPlot.csproj", "{7E7C6AD2-1E87-435E-AD66-7B13FF083774}"
EndProject
Project("{2150E333-8FDC-42A3-9474-1A3956D46DE8}") = "src", "src", "{9A87C325-8362-4AE9-B9D9-A8141A93CB24}"
EndProject
Project("{2150E333-8FDC-42A3-9474-1A3956D46DE8}") = "examples", "examples", "{4CCEC2E0-F0FD-4FD1-A100-948F0E295109}"
EndProject
Project("{9A19103F-16F7-4668-BE54-9A1E7A4F7556}") = "example2.2", "examples\example2.2\example2.2.csproj", "{C7DBE0A7-9522-4894-B78C-B04DCBD85039}"
EndProject
Project("{9A19103F-16F7-4668-BE54-9A1E7A4F7556}") = "example2.3", "examples\example2.3\example2.3.csproj", "{13FF0C95-96BB-40E1-8DBC-8340E6B18593}"
EndProject
Project("{FAE04EC0-301F-11D3-BF4B-00C04F79EFBC}") = "Maomi.Torch.Tests", "src\Maomi.Torch.Tests\Maomi.Torch.Tests.csproj", "{F31BA131-482C-487F-9CEC-4EE8BC27EC82}"
EndProject
Project("{FAE04EC0-301F-11D3-BF4B-00C04F79EFBC}") = "example2.4", "examples\example2.4\example2.4.csproj", "{C95076D7-A357-4194-A7EC-748745976935}"
EndProject
Project("{FAE04EC0-301F-11D3-BF4B-00C04F79EFBC}") = "dcgan", "examples\dcgan\dcgan.csproj", "{535B3111-1DD1-4303-A0EA-867E99F8006B}"
EndProject
Project("{FAE04EC0-301F-11D3-BF4B-00C04F79EFBC}") = "dcgan_out", "examples\dcgan_out\dcgan_out.csproj", "{B6DD263F-0D96-4FA6-8734-365004E68E8A}"
EndProject
Project("{FAE04EC0-301F-11D3-BF4B-00C04F79EFBC}") = "PennFudanPed", "examples\PennFudanPed\PennFudanPed.csproj", "{1B2F3C32-56E4-48F2-9CE4-008318BDB6D4}"
EndProject
Project("{FAE04EC0-301F-11D3-BF4B-00C04F79EFBC}") = "vggdemo", "examples\vggdemo\vggdemo.csproj", "{37EE5A9C-48F1-491D-8141-2FF0D9EDC4DC}"
EndProject
Project("{FAE04EC0-301F-11D3-BF4B-00C04F79EFBC}") = "exportdataset", "examples\exportdataset\exportdataset.csproj", "{290E9F05-063D-4067-8963-B902286FFD6D}"
EndProject
Project("{FAE04EC0-301F-11D3-BF4B-00C04F79EFBC}") = "Maomi.Torch.Detection", "src\Maomi.Torch.Detection\Maomi.Torch.Detection.csproj", "{0EDFBD6B-0872-4CF2-95D0-53D9F07D08D3}"
EndProject
Project("{888888A0-9F3D-457C-B088-3A5042F75D52}") = "model", "src\model\model.pyproj", "{1CEDCBD1-F456-437D-9BE9-EF9C2AFD53DC}"
EndProject
Global
	GlobalSection(SolutionConfigurationPlatforms) = preSolution
		Debug|Any CPU = Debug|Any CPU
		Release|Any CPU = Release|Any CPU
	EndGlobalSection
	GlobalSection(ProjectConfigurationPlatforms) = postSolution
		{90F456EB-A165-4347-9F2D-C4B1D105D8F1}.Debug|Any CPU.ActiveCfg = Debug|Any CPU
		{90F456EB-A165-4347-9F2D-C4B1D105D8F1}.Debug|Any CPU.Build.0 = Debug|Any CPU
		{90F456EB-A165-4347-9F2D-C4B1D105D8F1}.Release|Any CPU.ActiveCfg = Release|Any CPU
		{90F456EB-A165-4347-9F2D-C4B1D105D8F1}.Release|Any CPU.Build.0 = Release|Any CPU
		{D39AEDF4-24CB-4C11-A450-680C0B369FDD}.Debug|Any CPU.ActiveCfg = Debug|Any CPU
		{D39AEDF4-24CB-4C11-A450-680C0B369FDD}.Debug|Any CPU.Build.0 = Debug|Any CPU
		{D39AEDF4-24CB-4C11-A450-680C0B369FDD}.Release|Any CPU.ActiveCfg = Release|Any CPU
		{D39AEDF4-24CB-4C11-A450-680C0B369FDD}.Release|Any CPU.Build.0 = Release|Any CPU
		{7E7C6AD2-1E87-435E-AD66-7B13FF083774}.Debug|Any CPU.ActiveCfg = Debug|Any CPU
		{7E7C6AD2-1E87-435E-AD66-7B13FF083774}.Debug|Any CPU.Build.0 = Debug|Any CPU
		{7E7C6AD2-1E87-435E-AD66-7B13FF083774}.Release|Any CPU.ActiveCfg = Release|Any CPU
		{7E7C6AD2-1E87-435E-AD66-7B13FF083774}.Release|Any CPU.Build.0 = Release|Any CPU
		{C7DBE0A7-9522-4894-B78C-B04DCBD85039}.Debug|Any CPU.ActiveCfg = Debug|Any CPU
		{C7DBE0A7-9522-4894-B78C-B04DCBD85039}.Debug|Any CPU.Build.0 = Debug|Any CPU
		{C7DBE0A7-9522-4894-B78C-B04DCBD85039}.Release|Any CPU.ActiveCfg = Release|Any CPU
		{C7DBE0A7-9522-4894-B78C-B04DCBD85039}.Release|Any CPU.Build.0 = Release|Any CPU
		{13FF0C95-96BB-40E1-8DBC-8340E6B18593}.Debug|Any CPU.ActiveCfg = Debug|Any CPU
		{13FF0C95-96BB-40E1-8DBC-8340E6B18593}.Debug|Any CPU.Build.0 = Debug|Any CPU
		{13FF0C95-96BB-40E1-8DBC-8340E6B18593}.Release|Any CPU.ActiveCfg = Release|Any CPU
		{13FF0C95-96BB-40E1-8DBC-8340E6B18593}.Release|Any CPU.Build.0 = Release|Any CPU
		{F31BA131-482C-487F-9CEC-4EE8BC27EC82}.Debug|Any CPU.ActiveCfg = Debug|Any CPU
		{F31BA131-482C-487F-9CEC-4EE8BC27EC82}.Debug|Any CPU.Build.0 = Debug|Any CPU
		{F31BA131-482C-487F-9CEC-4EE8BC27EC82}.Release|Any CPU.ActiveCfg = Release|Any CPU
		{F31BA131-482C-487F-9CEC-4EE8BC27EC82}.Release|Any CPU.Build.0 = Release|Any CPU
		{C95076D7-A357-4194-A7EC-748745976935}.Debug|Any CPU.ActiveCfg = Debug|Any CPU
		{C95076D7-A357-4194-A7EC-748745976935}.Debug|Any CPU.Build.0 = Debug|Any CPU
		{C95076D7-A357-4194-A7EC-748745976935}.Release|Any CPU.ActiveCfg = Release|Any CPU
		{C95076D7-A357-4194-A7EC-748745976935}.Release|Any CPU.Build.0 = Release|Any CPU
		{535B3111-1DD1-4303-A0EA-867E99F8006B}.Debug|Any CPU.ActiveCfg = Debug|Any CPU
		{535B3111-1DD1-4303-A0EA-867E99F8006B}.Debug|Any CPU.Build.0 = Debug|Any CPU
		{535B3111-1DD1-4303-A0EA-867E99F8006B}.Release|Any CPU.ActiveCfg = Release|Any CPU
		{535B3111-1DD1-4303-A0EA-867E99F8006B}.Release|Any CPU.Build.0 = Release|Any CPU
		{B6DD263F-0D96-4FA6-8734-365004E68E8A}.Debug|Any CPU.ActiveCfg = Debug|Any CPU
		{B6DD263F-0D96-4FA6-8734-365004E68E8A}.Debug|Any CPU.Build.0 = Debug|Any CPU
		{B6DD263F-0D96-4FA6-8734-365004E68E8A}.Release|Any CPU.ActiveCfg = Release|Any CPU
		{B6DD263F-0D96-4FA6-8734-365004E68E8A}.Release|Any CPU.Build.0 = Release|Any CPU
		{1B2F3C32-56E4-48F2-9CE4-008318BDB6D4}.Debug|Any CPU.ActiveCfg = Debug|Any CPU
		{1B2F3C32-56E4-48F2-9CE4-008318BDB6D4}.Debug|Any CPU.Build.0 = Debug|Any CPU
		{1B2F3C32-56E4-48F2-9CE4-008318BDB6D4}.Release|Any CPU.ActiveCfg = Release|Any CPU
		{1B2F3C32-56E4-48F2-9CE4-008318BDB6D4}.Release|Any CPU.Build.0 = Release|Any CPU
		{37EE5A9C-48F1-491D-8141-2FF0D9EDC4DC}.Debug|Any CPU.ActiveCfg = Debug|Any CPU
		{37EE5A9C-48F1-491D-8141-2FF0D9EDC4DC}.Debug|Any CPU.Build.0 = Debug|Any CPU
		{37EE5A9C-48F1-491D-8141-2FF0D9EDC4DC}.Release|Any CPU.ActiveCfg = Release|Any CPU
		{37EE5A9C-48F1-491D-8141-2FF0D9EDC4DC}.Release|Any CPU.Build.0 = Release|Any CPU
		{290E9F05-063D-4067-8963-B902286FFD6D}.Debug|Any CPU.ActiveCfg = Debug|Any CPU
		{290E9F05-063D-4067-8963-B902286FFD6D}.Debug|Any CPU.Build.0 = Debug|Any CPU
		{290E9F05-063D-4067-8963-B902286FFD6D}.Release|Any CPU.ActiveCfg = Release|Any CPU
		{290E9F05-063D-4067-8963-B902286FFD6D}.Release|Any CPU.Build.0 = Release|Any CPU
		{0EDFBD6B-0872-4CF2-95D0-53D9F07D08D3}.Debug|Any CPU.ActiveCfg = Debug|Any CPU
		{0EDFBD6B-0872-4CF2-95D0-53D9F07D08D3}.Debug|Any CPU.Build.0 = Debug|Any CPU
		{0EDFBD6B-0872-4CF2-95D0-53D9F07D08D3}.Release|Any CPU.ActiveCfg = Release|Any CPU
		{0EDFBD6B-0872-4CF2-95D0-53D9F07D08D3}.Release|Any CPU.Build.0 = Release|Any CPU
		{1CEDCBD1-F456-437D-9BE9-EF9C2AFD53DC}.Debug|Any CPU.ActiveCfg = Debug|Any CPU
		{1CEDCBD1-F456-437D-9BE9-EF9C2AFD53DC}.Release|Any CPU.ActiveCfg = Release|Any CPU
	EndGlobalSection
	GlobalSection(SolutionProperties) = preSolution
		HideSolutionNode = FALSE
	EndGlobalSection
	GlobalSection(NestedProjects) = preSolution
		{90F456EB-A165-4347-9F2D-C4B1D105D8F1} = {9A87C325-8362-4AE9-B9D9-A8141A93CB24}
		{D39AEDF4-24CB-4C11-A450-680C0B369FDD} = {9A87C325-8362-4AE9-B9D9-A8141A93CB24}
		{7E7C6AD2-1E87-435E-AD66-7B13FF083774} = {9A87C325-8362-4AE9-B9D9-A8141A93CB24}
		{C7DBE0A7-9522-4894-B78C-B04DCBD85039} = {4CCEC2E0-F0FD-4FD1-A100-948F0E295109}
		{13FF0C95-96BB-40E1-8DBC-8340E6B18593} = {4CCEC2E0-F0FD-4FD1-A100-948F0E295109}
		{F31BA131-482C-487F-9CEC-4EE8BC27EC82} = {9A87C325-8362-4AE9-B9D9-A8141A93CB24}
		{C95076D7-A357-4194-A7EC-748745976935} = {4CCEC2E0-F0FD-4FD1-A100-948F0E295109}
		{535B3111-1DD1-4303-A0EA-867E99F8006B} = {4CCEC2E0-F0FD-4FD1-A100-948F0E295109}
		{B6DD263F-0D96-4FA6-8734-365004E68E8A} = {4CCEC2E0-F0FD-4FD1-A100-948F0E295109}
		{1B2F3C32-56E4-48F2-9CE4-008318BDB6D4} = {4CCEC2E0-F0FD-4FD1-A100-948F0E295109}
		{37EE5A9C-48F1-491D-8141-2FF0D9EDC4DC} = {4CCEC2E0-F0FD-4FD1-A100-948F0E295109}
		{290E9F05-063D-4067-8963-B902286FFD6D} = {4CCEC2E0-F0FD-4FD1-A100-948F0E295109}
		{0EDFBD6B-0872-4CF2-95D0-53D9F07D08D3} = {9A87C325-8362-4AE9-B9D9-A8141A93CB24}
		{1CEDCBD1-F456-437D-9BE9-EF9C2AFD53DC} = {9A87C325-8362-4AE9-B9D9-A8141A93CB24}
	EndGlobalSection
	GlobalSection(ExtensibilityGlobals) = postSolution
		SolutionGuid = {37F4B8D2-B0BE-4FB5-A586-042A8F3BA54E}
	EndGlobalSection
EndGlobal
